
Microsoft Visual Studio Solution File, Format Version 12.00
# Visual Studio Version 17
VisualStudioVersion = 17.5.33502.453
MinimumVisualStudioVersion = 10.0.40219.1
Project("{FAE04EC0-301F-11D3-BF4B-00C04F79EFBC}") = "csharp-gestore-event", "csharp-gestore-event.csproj", "{100358FC-9246-47BA-A8BF-EAE83621DCC6}"
EndProject
Global
	GlobalSection(SolutionConfigurationPlatforms) = preSolution
		Debug|Any CPU = Debug|Any CPU
		Release|Any CPU = Release|Any CPU
	EndGlobalSection
	GlobalSection(ProjectConfigurationPlatforms) = postSolution
		{100358FC-9246-47BA-A8BF-EAE83621DCC6}.Debug|Any CPU.ActiveCfg = Debug|Any CPU
		{100358FC-9246-47BA-A8BF-EAE83621DCC6}.Debug|Any CPU.Build.0 = Debug|Any CPU
		{100358FC-9246-47BA-A8BF-EAE83621DCC6}.Release|Any CPU.ActiveCfg = Release|Any CPU
		{100358FC-9246-47BA-A8BF-EAE83621DCC6}.Release|Any CPU.Build.0 = Release|Any CPU
	EndGlobalSection
	GlobalSection(SolutionProperties) = preSolution
		HideSolutionNode = FALSE
	EndGlobalSection
	GlobalSection(ExtensibilityGlobals) = postSolution
		SolutionGuid = {8EDFCE72-5CF1-448F-BE40-213FE3AF58F6}
	EndGlobalSection
EndGlobal
